// !$*UTF8*$!
{
	archiveVersion = 1;
	classes = {
	};
	objectVersion = 46;
	objects = {

/* Begin PBXAggregateTarget section */
		0F5E94613CFD4881B034C49B /* ZERO_CHECK */ = {
			isa = PBXAggregateTarget;
			buildConfigurationList = 33CEFF9D3BFB4140B403192E /* Build configuration list for PBXAggregateTarget "ZERO_CHECK" */;
			buildPhases = (
				28132401F6EC4104A796B609 /* CMake Rules */,
			);
			dependencies = (
			);
			name = ZERO_CHECK;
			productName = ZERO_CHECK;
		};
		978B988BBBA64CA9BA7AAB57 /* ALL_BUILD */ = {
			isa = PBXAggregateTarget;
			buildConfigurationList = 21955AC4EF08418B8FB914E4 /* Build configuration list for PBXAggregateTarget "ALL_BUILD" */;
			buildPhases = (
				EF322F72ABA94DE69F67710B /* CMake Rules */,
			);
			dependencies = (
				D1446899AEA34B3794B3F1FB /* PBXTargetDependency */,
				4104C262C7F44F9793114312 /* PBXTargetDependency */,
			);
			name = ALL_BUILD;
			productName = ALL_BUILD;
		};
/* End PBXAggregateTarget section */

/* Begin PBXBuildFile section */
		81086033BA518F0DD94E883A /* DatabaseConverter.cpp in Sources */ = {isa = PBXBuildFile; fileRef = 8108633BD1F3CBA69AE80E70 /* DatabaseConverter.cpp */; settings = {COMPILER_FLAGS = ""; }; };
		81086402DC64790E3DD62668 /* InputBooleanProcessstep.cpp in Sources */ = {isa = PBXBuildFile; fileRef = 810867239A50501ADE789B36 /* InputBooleanProcessstep.cpp */; settings = {COMPILER_FLAGS = ""; }; };
		8108645399E23B1743CDE54B /* IdListItemSet.cpp in Sources */ = {isa = PBXBuildFile; fileRef = 8108684A5720BC75C7F34811 /* IdListItemSet.cpp */; settings = {COMPILER_FLAGS = ""; }; };
		810864573A59726D9111E0EF /* FileManagement.cpp in Sources */ = {isa = PBXBuildFile; fileRef = 81086DC37D577914C7767E4D /* FileManagement.cpp */; settings = {COMPILER_FLAGS = ""; }; };
		8108654C4C5C01D87EE7B557 /* DataReader.cpp in Sources */ = {isa = PBXBuildFile; fileRef = 810866F50B04FD8C978EFE44 /* DataReader.cpp */; settings = {COMPILER_FLAGS = ""; }; };
		810866580EB54115794B7296 /* FrequentItemsCalculator.cpp in Sources */ = {isa = PBXBuildFile; fileRef = 810864DA8D27551AC5BEBB3D /* FrequentItemsCalculator.cpp */; settings = {COMPILER_FLAGS = ""; }; };
		8108677F1D2E129CC681455F /* main.cpp in Sources */ = {isa = PBXBuildFile; fileRef = 81086C4F60CE6A806088CC38 /* main.cpp */; settings = {COMPILER_FLAGS = ""; }; };
		810867BDDED3F2529D4CCDAE /* Utilities.cpp in Sources */ = {isa = PBXBuildFile; fileRef = 810862C592CCF9DF332AF9E7 /* Utilities.cpp */; settings = {COMPILER_FLAGS = ""; }; };
		810868E23DD2381882786A69 /* InputProcessStep.cpp in Sources */ = {isa = PBXBuildFile; fileRef = 8108685E499EF7170021C558 /* InputProcessStep.cpp */; settings = {COMPILER_FLAGS = ""; }; };
		81086ACD217A8C53D6C2163F /* ItemSet.cpp in Sources */ = {isa = PBXBuildFile; fileRef = 81086BB03E0CA19CE4C74D54 /* ItemSet.cpp */; settings = {COMPILER_FLAGS = ""; }; };
		81086B57F09D385120CE1941 /* IdListSequenceSet.cpp in Sources */ = {isa = PBXBuildFile; fileRef = 81086255B379B24D24B0F95A /* IdListSequenceSet.cpp */; };
		81086B7970291DC0A7E90C73 /* InputProcessor.cpp in Sources */ = {isa = PBXBuildFile; fileRef = 810866E973827A55DED8AE8D /* InputProcessor.cpp */; settings = {COMPILER_FLAGS = ""; }; };
		81086BDBB57AC49DA95987CE /* Config.cpp in Sources */ = {isa = PBXBuildFile; fileRef = 81086F8801E6BADA1A7A2D8B /* Config.cpp */; settings = {COMPILER_FLAGS = ""; }; };
		81086C6105DED893AD5AA282 /* ConfigReader.cpp in Sources */ = {isa = PBXBuildFile; fileRef = 810865E06FF22AD023A5E487 /* ConfigReader.cpp */; settings = {COMPILER_FLAGS = ""; }; };
		81086D514FBF5F6798C52C8F /* Transaction.cpp in Sources */ = {isa = PBXBuildFile; fileRef = 810862F3575E62BCCA68135A /* Transaction.cpp */; settings = {COMPILER_FLAGS = ""; }; };
		81086E10165CB269EC8F9369 /* ExtendedIdListItemSet.cpp in Sources */ = {isa = PBXBuildFile; fileRef = 81086A0B995D8440DE846AA3 /* ExtendedIdListItemSet.cpp */; };
		81086E4A3ED9C5F4FE7BC53B /* InputTryCatchProcessStep.cpp in Sources */ = {isa = PBXBuildFile; fileRef = 81086B8A264AFA7C86DD3A83 /* InputTryCatchProcessStep.cpp */; settings = {COMPILER_FLAGS = ""; }; };
		81086F1494703A017EAA8E8C /* Timer.cpp in Sources */ = {isa = PBXBuildFile; fileRef = 8108677FD94C644FA2A81223 /* Timer.cpp */; };
/* End PBXBuildFile section */

/* Begin PBXContainerItemProxy section */
		1E2181F8152B4C5BBB5FCED6 /* PBXContainerItemProxy */ = {
			isa = PBXContainerItemProxy;
			containerPortal = E88B4D29DF554B14A367957C /* Project object */;
			proxyType = 1;
			remoteGlobalIDString = 0F5E94613CFD4881B034C49B;
			remoteInfo = ZERO_CHECK;
		};
		304F5D9E30D44309869F673B /* PBXContainerItemProxy */ = {
			isa = PBXContainerItemProxy;
			containerPortal = E88B4D29DF554B14A367957C /* Project object */;
			proxyType = 1;
			remoteGlobalIDString = D3D998B0EC58431C8374B3AD;
			remoteInfo = Spade;
		};
		F734DCAD4A5E413BBF19232A /* PBXContainerItemProxy */ = {
			isa = PBXContainerItemProxy;
			containerPortal = E88B4D29DF554B14A367957C /* Project object */;
			proxyType = 1;
			remoteGlobalIDString = 0F5E94613CFD4881B034C49B;
			remoteInfo = ZERO_CHECK;
		};
/* End PBXContainerItemProxy section */

/* Begin PBXFileReference section */
		1248B1C7FEE94D3DBF57F383 /* Spade */ = {isa = PBXFileReference; explicitFileType = "compiled.mach-o.executable"; path = Spade; sourceTree = BUILT_PRODUCTS_DIR; };
		810860D216D422D131325D32 /* DatabaseConverter.h */ = {isa = PBXFileReference; fileEncoding = 4; lastKnownFileType = sourcecode.c.h; path = DatabaseConverter.h; sourceTree = "<group>"; };
		810860D811531CAA7B177275 /* InputProcessStep.h */ = {isa = PBXFileReference; fileEncoding = 4; lastKnownFileType = sourcecode.c.h; path = InputProcessStep.h; sourceTree = "<group>"; };
		81086255B379B24D24B0F95A /* IdListSequenceSet.cpp */ = {isa = PBXFileReference; fileEncoding = 4; lastKnownFileType = sourcecode.cpp.cpp; path = IdListSequenceSet.cpp; sourceTree = "<group>"; };
		810862C592CCF9DF332AF9E7 /* Utilities.cpp */ = {isa = PBXFileReference; fileEncoding = 4; lastKnownFileType = sourcecode.cpp.cpp; path = Utilities.cpp; sourceTree = "<group>"; };
		810862F3575E62BCCA68135A /* Transaction.cpp */ = {isa = PBXFileReference; fileEncoding = 4; lastKnownFileType = sourcecode.cpp.cpp; path = Transaction.cpp; sourceTree = "<group>"; };
		8108633BD1F3CBA69AE80E70 /* DatabaseConverter.cpp */ = {isa = PBXFileReference; fileEncoding = 4; lastKnownFileType = sourcecode.cpp.cpp; path = DatabaseConverter.cpp; sourceTree = "<group>"; };
		8108639DE521176EC056D7AD /* Utilities.h */ = {isa = PBXFileReference; fileEncoding = 4; lastKnownFileType = sourcecode.c.h; path = Utilities.h; sourceTree = "<group>"; };
		810863B9273594D784112613 /* Types.h */ = {isa = PBXFileReference; fileEncoding = 4; lastKnownFileType = sourcecode.c.h; path = Types.h; sourceTree = "<group>"; };
		810864828737FECCD170698B /* Timer.h */ = {isa = PBXFileReference; fileEncoding = 4; lastKnownFileType = sourcecode.c.h; path = Timer.h; sourceTree = "<group>"; };
		810864DA8D27551AC5BEBB3D /* FrequentItemsCalculator.cpp */ = {isa = PBXFileReference; fileEncoding = 4; lastKnownFileType = sourcecode.cpp.cpp; path = FrequentItemsCalculator.cpp; sourceTree = "<group>"; };
		810865E06FF22AD023A5E487 /* ConfigReader.cpp */ = {isa = PBXFileReference; fileEncoding = 4; lastKnownFileType = sourcecode.cpp.cpp; path = ConfigReader.cpp; sourceTree = "<group>"; };
		8108661E59F3071CAE8FE2CD /* InputTryCatchProcessStep.h */ = {isa = PBXFileReference; fileEncoding = 4; lastKnownFileType = sourcecode.c.h; path = InputTryCatchProcessStep.h; sourceTree = "<group>"; };
		810866584B30DF84A7B52283 /* FrequentItemsCalculator.h */ = {isa = PBXFileReference; fileEncoding = 4; lastKnownFileType = sourcecode.c.h; path = FrequentItemsCalculator.h; sourceTree = "<group>"; };
		8108668D374F8CCE87FACD9B /* ExtendedIdListItemSet.h */ = {isa = PBXFileReference; fileEncoding = 4; lastKnownFileType = sourcecode.c.h; path = ExtendedIdListItemSet.h; sourceTree = "<group>"; };
		810866A34A3B4DEEF334AB2A /* Config.h */ = {isa = PBXFileReference; fileEncoding = 4; lastKnownFileType = sourcecode.c.h; path = Config.h; sourceTree = "<group>"; };
		810866D2F06F738E21CF4C92 /* ConfigReader.h */ = {isa = PBXFileReference; fileEncoding = 4; lastKnownFileType = sourcecode.c.h; path = ConfigReader.h; sourceTree = "<group>"; };
		810866E973827A55DED8AE8D /* InputProcessor.cpp */ = {isa = PBXFileReference; fileEncoding = 4; lastKnownFileType = sourcecode.cpp.cpp; path = InputProcessor.cpp; sourceTree = "<group>"; };
		810866F50B04FD8C978EFE44 /* DataReader.cpp */ = {isa = PBXFileReference; fileEncoding = 4; lastKnownFileType = sourcecode.cpp.cpp; path = DataReader.cpp; sourceTree = "<group>"; };
		810867239A50501ADE789B36 /* InputBooleanProcessstep.cpp */ = {isa = PBXFileReference; fileEncoding = 4; lastKnownFileType = sourcecode.cpp.cpp; path = InputBooleanProcessstep.cpp; sourceTree = "<group>"; };
		81086759F0F55F89A2B61474 /* InputBooleanProcessstep.h */ = {isa = PBXFileReference; fileEncoding = 4; lastKnownFileType = sourcecode.c.h; path = InputBooleanProcessstep.h; sourceTree = "<group>"; };
		8108677FD94C644FA2A81223 /* Timer.cpp */ = {isa = PBXFileReference; fileEncoding = 4; lastKnownFileType = sourcecode.cpp.cpp; path = Timer.cpp; sourceTree = "<group>"; };
		8108681E21D7DE90F201D22C /* DataReader.h */ = {isa = PBXFileReference; fileEncoding = 4; lastKnownFileType = sourcecode.c.h; path = DataReader.h; sourceTree = "<group>"; };
		8108684A5720BC75C7F34811 /* IdListItemSet.cpp */ = {isa = PBXFileReference; fileEncoding = 4; lastKnownFileType = sourcecode.cpp.cpp; path = IdListItemSet.cpp; sourceTree = "<group>"; };
		8108685E499EF7170021C558 /* InputProcessStep.cpp */ = {isa = PBXFileReference; fileEncoding = 4; lastKnownFileType = sourcecode.cpp.cpp; path = InputProcessStep.cpp; sourceTree = "<group>"; };
		810868B3C8848A40351D2B1F /* FileManagement.h */ = {isa = PBXFileReference; fileEncoding = 4; lastKnownFileType = sourcecode.c.h; path = FileManagement.h; sourceTree = "<group>"; };
		81086A0B995D8440DE846AA3 /* ExtendedIdListItemSet.cpp */ = {isa = PBXFileReference; fileEncoding = 4; lastKnownFileType = sourcecode.cpp.cpp; path = ExtendedIdListItemSet.cpp; sourceTree = "<group>"; };
		81086A1B27566A04EB228A5E /* InputProcessor.h */ = {isa = PBXFileReference; fileEncoding = 4; lastKnownFileType = sourcecode.c.h; path = InputProcessor.h; sourceTree = "<group>"; };
		81086B2B166C63EE0D3EF44B /* ItemSet.h */ = {isa = PBXFileReference; fileEncoding = 4; lastKnownFileType = sourcecode.c.h; path = ItemSet.h; sourceTree = "<group>"; };
		81086B8A264AFA7C86DD3A83 /* InputTryCatchProcessStep.cpp */ = {isa = PBXFileReference; fileEncoding = 4; lastKnownFileType = sourcecode.cpp.cpp; path = InputTryCatchProcessStep.cpp; sourceTree = "<group>"; };
		81086BB03E0CA19CE4C74D54 /* ItemSet.cpp */ = {isa = PBXFileReference; fileEncoding = 4; lastKnownFileType = sourcecode.cpp.cpp; path = ItemSet.cpp; sourceTree = "<group>"; };
		81086C4F60CE6A806088CC38 /* main.cpp */ = {isa = PBXFileReference; fileEncoding = 4; lastKnownFileType = sourcecode.cpp.cpp; path = main.cpp; sourceTree = "<group>"; };
		81086D227C4F4A61DC1C45F6 /* Transaction.h */ = {isa = PBXFileReference; fileEncoding = 4; lastKnownFileType = sourcecode.c.h; path = Transaction.h; sourceTree = "<group>"; };
		81086DC37D577914C7767E4D /* FileManagement.cpp */ = {isa = PBXFileReference; fileEncoding = 4; lastKnownFileType = sourcecode.cpp.cpp; path = FileManagement.cpp; sourceTree = "<group>"; };
		81086DCB6B2BF8623AF920F3 /* IdListItemSet.h */ = {isa = PBXFileReference; fileEncoding = 4; lastKnownFileType = sourcecode.c.h; path = IdListItemSet.h; sourceTree = "<group>"; };
		81086F8801E6BADA1A7A2D8B /* Config.cpp */ = {isa = PBXFileReference; fileEncoding = 4; lastKnownFileType = sourcecode.cpp.cpp; path = Config.cpp; sourceTree = "<group>"; };
		81086F9F6BCC45CA7C1FD2B0 /* IdListSequenceSet.h */ = {isa = PBXFileReference; fileEncoding = 4; lastKnownFileType = sourcecode.c.h; path = IdListSequenceSet.h; sourceTree = "<group>"; };
		EA699651C41245B89B1EFF5E /* CMakeLists.txt */ = {isa = PBXFileReference; explicitFileType = sourcecode.text; fileEncoding = 4; lastKnownFileType = text; path = CMakeLists.txt; sourceTree = SOURCE_ROOT; };
/* End PBXFileReference section */

/* Begin PBXGroup section */
		10F0D08BD3CA4976AE157B52 /* ZERO_CHECK */ = {
			isa = PBXGroup;
			children = (
				C0B0027566D44C71AC70CF36 /* CMake Rules */,
				EA699651C41245B89B1EFF5E /* CMakeLists.txt */,
			);
			name = ZERO_CHECK;
			sourceTree = "<group>";
		};
		12E04B539C1C4ED28A645E0F /* Resources */ = {
			isa = PBXGroup;
			children = (
			);
			name = Resources;
			sourceTree = "<group>";
		};
		2B7D4AD04A4D42FA873C0D03 /* Sources */ = {
			isa = PBXGroup;
			children = (
				AF7C23897E134D1C8570FFE6 /* ALL_BUILD */,
				B618F58B33EA4383BFA1A790 /* Spade */,
				10F0D08BD3CA4976AE157B52 /* ZERO_CHECK */,
			);
			name = Sources;
			sourceTree = "<group>";
		};
		2D9C2BF9C7FB4776BF95089E /* CMake Rules */ = {
			isa = PBXGroup;
			children = (
			);
			name = "CMake Rules";
			sourceTree = "<group>";
		};
		5EA9CE568EE743EF97CCA1DA /* Source Files */ = {
			isa = PBXGroup;
			children = (
			);
			name = "Source Files";
			sourceTree = "<group>";
		};
		8108617404A391E09CBF39EE /* Utilities */ = {
			isa = PBXGroup;
			children = (
				810862C592CCF9DF332AF9E7 /* Utilities.cpp */,
				8108639DE521176EC056D7AD /* Utilities.h */,
				8108677FD94C644FA2A81223 /* Timer.cpp */,
				810864828737FECCD170698B /* Timer.h */,
			);
			path = Utilities;
			sourceTree = "<group>";
		};
		810863E3FEFFF35255D9AD2E /* DataReading */ = {
			isa = PBXGroup;
			children = (
				810868B3C8848A40351D2B1F /* FileManagement.h */,
				8108681E21D7DE90F201D22C /* DataReader.h */,
				81086DC37D577914C7767E4D /* FileManagement.cpp */,
				810866F50B04FD8C978EFE44 /* DataReader.cpp */,
			);
			path = DataReading;
			sourceTree = "<group>";
		};
		81086510FCB45A2361904810 /* Spade */ = {
			isa = PBXGroup;
			children = (
				810863B9273594D784112613 /* Types.h */,
				81086C4F60CE6A806088CC38 /* main.cpp */,
				810864DA8D27551AC5BEBB3D /* FrequentItemsCalculator.cpp */,
				810866584B30DF84A7B52283 /* FrequentItemsCalculator.h */,
				8108617404A391E09CBF39EE /* Utilities */,
				81086AE8DE714B05AEEA3602 /* Config */,
				810863E3FEFFF35255D9AD2E /* DataReading */,
				81086559E4ABAC4737D25FD5 /* DatabaseConvertion */,
				81086DA05FA74540E48BCEB9 /* CommandLineProcessing */,
				81086B3D79AC1D8AF354CCBF /* Model */,
			);
			path = Spade;
			sourceTree = "<group>";
		};
		81086559E4ABAC4737D25FD5 /* DatabaseConvertion */ = {
			isa = PBXGroup;
			children = (
				8108633BD1F3CBA69AE80E70 /* DatabaseConverter.cpp */,
				810860D216D422D131325D32 /* DatabaseConverter.h */,
			);
			path = DatabaseConvertion;
			sourceTree = "<group>";
		};
		81086AE8DE714B05AEEA3602 /* Config */ = {
			isa = PBXGroup;
			children = (
				810866A34A3B4DEEF334AB2A /* Config.h */,
				810866D2F06F738E21CF4C92 /* ConfigReader.h */,
				81086F8801E6BADA1A7A2D8B /* Config.cpp */,
				810865E06FF22AD023A5E487 /* ConfigReader.cpp */,
			);
			path = Config;
			sourceTree = "<group>";
		};
		81086B3D79AC1D8AF354CCBF /* Model */ = {
			isa = PBXGroup;
			children = (
				81086D227C4F4A61DC1C45F6 /* Transaction.h */,
				81086B2B166C63EE0D3EF44B /* ItemSet.h */,
				81086A0B995D8440DE846AA3 /* ExtendedIdListItemSet.cpp */,
				81086F9F6BCC45CA7C1FD2B0 /* IdListSequenceSet.h */,
				81086255B379B24D24B0F95A /* IdListSequenceSet.cpp */,
				81086BB03E0CA19CE4C74D54 /* ItemSet.cpp */,
				810862F3575E62BCCA68135A /* Transaction.cpp */,
				8108668D374F8CCE87FACD9B /* ExtendedIdListItemSet.h */,
				81086DCB6B2BF8623AF920F3 /* IdListItemSet.h */,
				8108684A5720BC75C7F34811 /* IdListItemSet.cpp */,
			);
			path = Model;
			sourceTree = "<group>";
		};
		81086DA05FA74540E48BCEB9 /* CommandLineProcessing */ = {
			isa = PBXGroup;
			children = (
				8108685E499EF7170021C558 /* InputProcessStep.cpp */,
				8108661E59F3071CAE8FE2CD /* InputTryCatchProcessStep.h */,
				81086B8A264AFA7C86DD3A83 /* InputTryCatchProcessStep.cpp */,
				810866E973827A55DED8AE8D /* InputProcessor.cpp */,
				810860D811531CAA7B177275 /* InputProcessStep.h */,
				810867239A50501ADE789B36 /* InputBooleanProcessstep.cpp */,
				81086A1B27566A04EB228A5E /* InputProcessor.h */,
				81086759F0F55F89A2B61474 /* InputBooleanProcessstep.h */,
			);
			path = CommandLineProcessing;
			sourceTree = "<group>";
		};
		AF7C23897E134D1C8570FFE6 /* ALL_BUILD */ = {
			isa = PBXGroup;
			children = (
				2D9C2BF9C7FB4776BF95089E /* CMake Rules */,
				EA699651C41245B89B1EFF5E /* CMakeLists.txt */,
			);
			name = ALL_BUILD;
			sourceTree = "<group>";
		};
		B618F58B33EA4383BFA1A790 /* Spade */ = {
			isa = PBXGroup;
			children = (
				5EA9CE568EE743EF97CCA1DA /* Source Files */,
				EA699651C41245B89B1EFF5E /* CMakeLists.txt */,
			);
			name = Spade;
			sourceTree = "<group>";
		};
		C0B0027566D44C71AC70CF36 /* CMake Rules */ = {
			isa = PBXGroup;
			children = (
			);
			name = "CMake Rules";
			sourceTree = "<group>";
		};
		C8DBEDEBD351490690E28D2B /* Products */ = {
			isa = PBXGroup;
			children = (
				1248B1C7FEE94D3DBF57F383 /* Spade */,
			);
			name = Products;
			sourceTree = "<group>";
		};
		E26C3F29658C4310B0CB8D23 = {
			isa = PBXGroup;
			children = (
				2B7D4AD04A4D42FA873C0D03 /* Sources */,
				12E04B539C1C4ED28A645E0F /* Resources */,
				C8DBEDEBD351490690E28D2B /* Products */,
				81086510FCB45A2361904810 /* Spade */,
			);
			sourceTree = "<group>";
		};
/* End PBXGroup section */

/* Begin PBXNativeTarget section */
		D3D998B0EC58431C8374B3AD /* Spade */ = {
			isa = PBXNativeTarget;
			buildConfigurationList = 162BAD03B96447A8A274592F /* Build configuration list for PBXNativeTarget "Spade" */;
			buildPhases = (
				D34C390F7D204A34BC03AA81 /* Sources */,
			);
			buildRules = (
			);
			dependencies = (
				7CC7EB211ADC4AB89401FEFC /* PBXTargetDependency */,
			);
			name = Spade;
			productName = Spade;
			productReference = 1248B1C7FEE94D3DBF57F383 /* Spade */;
			productType = "com.apple.product-type.tool";
		};
/* End PBXNativeTarget section */

/* Begin PBXProject section */
		E88B4D29DF554B14A367957C /* Project object */ = {
			isa = PBXProject;
			attributes = {
				BuildIndependentTargetsInParallel = YES;
				LastUpgradeCheck = 0510;
			};
			buildConfigurationList = DBFB4CE01CE946FC8B0E9E99 /* Build configuration list for PBXProject "Spade" */;
			compatibilityVersion = "Xcode 3.2";
			developmentRegion = English;
			hasScannedForEncodings = 0;
			knownRegions = (
				en,
			);
			mainGroup = E26C3F29658C4310B0CB8D23;
			projectDirPath = "";
			projectRoot = "";
			targets = (
				978B988BBBA64CA9BA7AAB57 /* ALL_BUILD */,
				D3D998B0EC58431C8374B3AD /* Spade */,
				0F5E94613CFD4881B034C49B /* ZERO_CHECK */,
			);
		};
/* End PBXProject section */

/* Begin PBXShellScriptBuildPhase section */
		28132401F6EC4104A796B609 /* CMake Rules */ = {
			isa = PBXShellScriptBuildPhase;
			buildActionMask = 2147483647;
			files = (
			);
			name = "CMake Rules";
			runOnlyForDeploymentPostprocessing = 0;
			shellPath = /bin/sh;
			shellScript = "make -C /Users/maciejoczko/PrivateRepositories/Spade -f /Users/maciejoczko/PrivateRepositories/Spade/CMakeScripts/ZERO_CHECK_cmakeRulesBuildPhase.make$CONFIGURATION all";
			showEnvVarsInLog = 0;
		};
		EF322F72ABA94DE69F67710B /* CMake Rules */ = {
			isa = PBXShellScriptBuildPhase;
			buildActionMask = 2147483647;
			files = (
			);
			name = "CMake Rules";
			runOnlyForDeploymentPostprocessing = 0;
			shellPath = /bin/sh;
			shellScript = "make -C /Users/maciejoczko/PrivateRepositories/Spade -f /Users/maciejoczko/PrivateRepositories/Spade/CMakeScripts/ALL_BUILD_cmakeRulesBuildPhase.make$CONFIGURATION all";
			showEnvVarsInLog = 0;
		};
/* End PBXShellScriptBuildPhase section */

/* Begin PBXSourcesBuildPhase section */
		D34C390F7D204A34BC03AA81 /* Sources */ = {
			isa = PBXSourcesBuildPhase;
			buildActionMask = 2147483647;
			files = (
				8108677F1D2E129CC681455F /* main.cpp in Sources */,
				810866580EB54115794B7296 /* FrequentItemsCalculator.cpp in Sources */,
				810867BDDED3F2529D4CCDAE /* Utilities.cpp in Sources */,
				81086F1494703A017EAA8E8C /* Timer.cpp in Sources */,
				81086BDBB57AC49DA95987CE /* Config.cpp in Sources */,
				81086C6105DED893AD5AA282 /* ConfigReader.cpp in Sources */,
				810864573A59726D9111E0EF /* FileManagement.cpp in Sources */,
				8108654C4C5C01D87EE7B557 /* DataReader.cpp in Sources */,
				81086033BA518F0DD94E883A /* DatabaseConverter.cpp in Sources */,
				810868E23DD2381882786A69 /* InputProcessStep.cpp in Sources */,
				81086E4A3ED9C5F4FE7BC53B /* InputTryCatchProcessStep.cpp in Sources */,
				81086B7970291DC0A7E90C73 /* InputProcessor.cpp in Sources */,
				81086402DC64790E3DD62668 /* InputBooleanProcessstep.cpp in Sources */,
				81086E10165CB269EC8F9369 /* ExtendedIdListItemSet.cpp in Sources */,
				81086B57F09D385120CE1941 /* IdListSequenceSet.cpp in Sources */,
				81086ACD217A8C53D6C2163F /* ItemSet.cpp in Sources */,
				81086D514FBF5F6798C52C8F /* Transaction.cpp in Sources */,
				8108645399E23B1743CDE54B /* IdListItemSet.cpp in Sources */,
			);
			runOnlyForDeploymentPostprocessing = 0;
		};
/* End PBXSourcesBuildPhase section */

/* Begin PBXTargetDependency section */
		4104C262C7F44F9793114312 /* PBXTargetDependency */ = {
			isa = PBXTargetDependency;
			target = 0F5E94613CFD4881B034C49B /* ZERO_CHECK */;
			targetProxy = 1E2181F8152B4C5BBB5FCED6 /* PBXContainerItemProxy */;
		};
		7CC7EB211ADC4AB89401FEFC /* PBXTargetDependency */ = {
			isa = PBXTargetDependency;
			target = 0F5E94613CFD4881B034C49B /* ZERO_CHECK */;
			targetProxy = F734DCAD4A5E413BBF19232A /* PBXContainerItemProxy */;
		};
		D1446899AEA34B3794B3F1FB /* PBXTargetDependency */ = {
			isa = PBXTargetDependency;
			target = D3D998B0EC58431C8374B3AD /* Spade */;
			targetProxy = 304F5D9E30D44309869F673B /* PBXContainerItemProxy */;
		};
/* End PBXTargetDependency section */

/* Begin XCBuildConfiguration section */
		021FA026A06D467FB8A1C0A8 /* MinSizeRel */ = {
			isa = XCBuildConfiguration;
			buildSettings = {
				CLANG_CXX_LANGUAGE_STANDARD = "c++0x";
				CLANG_CXX_LIBRARY = "libc++";
				COMBINE_HIDPI_IMAGES = YES;
				EXECUTABLE_PREFIX = "";
				EXECUTABLE_SUFFIX = "";
				GCC_GENERATE_DEBUGGING_SYMBOLS = NO;
				GCC_INLINES_ARE_PRIVATE_EXTERN = NO;
				GCC_OPTIMIZATION_LEVEL = s;
				GCC_PREPROCESSOR_DEFINITIONS = "'CMAKE_INTDIR=\"$(CONFIGURATION)$(EFFECTIVE_PLATFORM_NAME)\"'";
				GCC_SYMBOLS_PRIVATE_EXTERN = NO;
				GCC_WARN_PEDANTIC = YES;
				INSTALL_PATH = "";
				LIBRARY_SEARCH_PATHS = "";
				OTHER_CFLAGS = "    -DNDEBUG  ";
				OTHER_CPLUSPLUSFLAGS = (
					"-std=c++11",
					"-DNDEBUG",
				);
				OTHER_LDFLAGS = (
					"-Wl,-search_paths_first",
					"-Wl,-headerpad_max_install_names",
				);
				OTHER_REZFLAGS = "";
				PRODUCT_NAME = Spade;
				SECTORDER_FLAGS = "";
				SYMROOT = "/Users/maciejoczko/PrivateRepositories/Spade-build";
				USE_HEADERMAP = NO;
				WARNING_CFLAGS = (
					"-Wmost",
					"-Wno-four-char-constants",
					"-Wno-unknown-pragmas",
				);
			};
			name = MinSizeRel;
		};
		20ACF391CF9A45EFB34AAFD0 /* RelWithDebInfo */ = {
			isa = XCBuildConfiguration;
			buildSettings = {
				COMBINE_HIDPI_IMAGES = YES;
				GCC_GENERATE_DEBUGGING_SYMBOLS = NO;
				GCC_INLINES_ARE_PRIVATE_EXTERN = NO;
				GCC_OPTIMIZATION_LEVEL = 0;
				GCC_PREPROCESSOR_DEFINITIONS = "'CMAKE_INTDIR=\"$(CONFIGURATION)$(EFFECTIVE_PLATFORM_NAME)\"'";
				GCC_SYMBOLS_PRIVATE_EXTERN = NO;
				INSTALL_PATH = "";
				OTHER_CFLAGS = "  ";
				OTHER_LDFLAGS = " ";
				OTHER_REZFLAGS = "";
				PRODUCT_NAME = ZERO_CHECK;
				SECTORDER_FLAGS = "";
				SYMROOT = /Users/maciejoczko/PrivateRepositories/Spade;
				USE_HEADERMAP = NO;
				WARNING_CFLAGS = (
					"-Wmost",
					"-Wno-four-char-constants",
					"-Wno-unknown-pragmas",
				);
			};
			name = RelWithDebInfo;
		};
		264C15DF6B38453F880D1029 /* MinSizeRel */ = {
			isa = XCBuildConfiguration;
			buildSettings = {
				CLANG_CXX_LANGUAGE_STANDARD = "c++0x";
				CLANG_CXX_LIBRARY = "libc++";
				ONLY_ACTIVE_ARCH = YES;
				SDKROOT = /Applications/Xcode.app/Contents/Developer/Platforms/MacOSX.platform/Developer/SDKs/MacOSX10.9.sdk;
				SYMROOT = "/Users/maciejoczko/PrivateRepositories/Spade-build";
			};
			name = MinSizeRel;
		};
		3A2BD85734244785A3C759A7 /* Debug */ = {
			isa = XCBuildConfiguration;
			buildSettings = {
				CLANG_CXX_LANGUAGE_STANDARD = "c++0x";
				CLANG_CXX_LIBRARY = "libc++";
				COMBINE_HIDPI_IMAGES = YES;
				EXECUTABLE_PREFIX = "";
				EXECUTABLE_SUFFIX = "";
				GCC_GENERATE_DEBUGGING_SYMBOLS = YES;
				GCC_INLINES_ARE_PRIVATE_EXTERN = NO;
				GCC_OPTIMIZATION_LEVEL = 0;
				GCC_PREPROCESSOR_DEFINITIONS = "'CMAKE_INTDIR=\"$(CONFIGURATION)$(EFFECTIVE_PLATFORM_NAME)\"'";
				GCC_SYMBOLS_PRIVATE_EXTERN = NO;
				GCC_WARN_PEDANTIC = YES;
				INSTALL_PATH = "";
				LIBRARY_SEARCH_PATHS = "";
				OTHER_CFLAGS = "    ";
				OTHER_CPLUSPLUSFLAGS = " -std=c++11     ";
				OTHER_LDFLAGS = (
					"-Wl,-search_paths_first",
					"-Wl,-headerpad_max_install_names",
				);
				OTHER_REZFLAGS = "";
				PRODUCT_NAME = Spade;
				SECTORDER_FLAGS = "";
				SYMROOT = "/Users/maciejoczko/PrivateRepositories/Spade-build";
				USE_HEADERMAP = NO;
				WARNING_CFLAGS = (
					"-Wmost",
					"-Wno-four-char-constants",
					"-Wno-unknown-pragmas",
				);
			};
			name = Debug;
		};
		471DC3AB43C54B90A1E10C12 /* Debug */ = {
			isa = XCBuildConfiguration;
			buildSettings = {
				COMBINE_HIDPI_IMAGES = YES;
				GCC_GENERATE_DEBUGGING_SYMBOLS = NO;
				GCC_INLINES_ARE_PRIVATE_EXTERN = NO;
				GCC_OPTIMIZATION_LEVEL = 0;
				GCC_PREPROCESSOR_DEFINITIONS = "'CMAKE_INTDIR=\"$(CONFIGURATION)$(EFFECTIVE_PLATFORM_NAME)\"'";
				GCC_SYMBOLS_PRIVATE_EXTERN = NO;
				INSTALL_PATH = "";
				OTHER_CFLAGS = "  ";
				OTHER_LDFLAGS = " ";
				OTHER_REZFLAGS = "";
				PRODUCT_NAME = ALL_BUILD;
				SECTORDER_FLAGS = "";
				SYMROOT = "/Users/maciejoczko/PrivateRepositories/Spade-build";
				USE_HEADERMAP = NO;
				WARNING_CFLAGS = (
					"-Wmost",
					"-Wno-four-char-constants",
					"-Wno-unknown-pragmas",
				);
			};
			name = Debug;
		};
		59FA557840394C90B6950F90 /* Release */ = {
			isa = XCBuildConfiguration;
			buildSettings = {
				CLANG_CXX_LANGUAGE_STANDARD = "c++0x";
				CLANG_CXX_LIBRARY = "libc++";
				COMBINE_HIDPI_IMAGES = YES;
				EXECUTABLE_PREFIX = "";
				EXECUTABLE_SUFFIX = "";
				GCC_GENERATE_DEBUGGING_SYMBOLS = NO;
				GCC_INLINES_ARE_PRIVATE_EXTERN = NO;
				GCC_OPTIMIZATION_LEVEL = 3;
				GCC_PREPROCESSOR_DEFINITIONS = "'CMAKE_INTDIR=\"$(CONFIGURATION)$(EFFECTIVE_PLATFORM_NAME)\"'";
				GCC_SYMBOLS_PRIVATE_EXTERN = NO;
				GCC_WARN_PEDANTIC = YES;
				INSTALL_PATH = "";
				LIBRARY_SEARCH_PATHS = "";
				OTHER_CFLAGS = "    -DNDEBUG  ";
				OTHER_CPLUSPLUSFLAGS = (
					"-std=c++11",
					"-DNDEBUG",
				);
				OTHER_LDFLAGS = (
					"-Wl,-search_paths_first",
					"-Wl,-headerpad_max_install_names",
				);
				OTHER_REZFLAGS = "";
				PRODUCT_NAME = Spade;
				SECTORDER_FLAGS = "";
				SYMROOT = "/Users/maciejoczko/PrivateRepositories/Spade-build";
				USE_HEADERMAP = NO;
				WARNING_CFLAGS = (
					"-Wmost",
					"-Wno-four-char-constants",
					"-Wno-unknown-pragmas",
				);
			};
			name = Release;
		};
		68043F9BFE284BD390690AAE /* Release */ = {
			isa = XCBuildConfiguration;
			buildSettings = {
				COMBINE_HIDPI_IMAGES = YES;
				GCC_GENERATE_DEBUGGING_SYMBOLS = NO;
				GCC_INLINES_ARE_PRIVATE_EXTERN = NO;
				GCC_OPTIMIZATION_LEVEL = 0;
				GCC_PREPROCESSOR_DEFINITIONS = "'CMAKE_INTDIR=\"$(CONFIGURATION)$(EFFECTIVE_PLATFORM_NAME)\"'";
				GCC_SYMBOLS_PRIVATE_EXTERN = NO;
				INSTALL_PATH = "";
				OTHER_CFLAGS = "  ";
				OTHER_LDFLAGS = " ";
				OTHER_REZFLAGS = "";
				PRODUCT_NAME = ALL_BUILD;
				SECTORDER_FLAGS = "";
				SYMROOT = "/Users/maciejoczko/PrivateRepositories/Spade-build";
				USE_HEADERMAP = NO;
				WARNING_CFLAGS = (
					"-Wmost",
					"-Wno-four-char-constants",
					"-Wno-unknown-pragmas",
				);
			};
			name = Release;
		};
		768ED0B5DC0742F4821D1B16 /* MinSizeRel */ = {
			isa = XCBuildConfiguration;
			buildSettings = {
				COMBINE_HIDPI_IMAGES = YES;
				GCC_GENERATE_DEBUGGING_SYMBOLS = NO;
				GCC_INLINES_ARE_PRIVATE_EXTERN = NO;
				GCC_OPTIMIZATION_LEVEL = 0;
				GCC_PREPROCESSOR_DEFINITIONS = "'CMAKE_INTDIR=\"$(CONFIGURATION)$(EFFECTIVE_PLATFORM_NAME)\"'";
				GCC_SYMBOLS_PRIVATE_EXTERN = NO;
				INSTALL_PATH = "";
				OTHER_CFLAGS = "  ";
				OTHER_LDFLAGS = " ";
				OTHER_REZFLAGS = "";
				PRODUCT_NAME = ZERO_CHECK;
				SECTORDER_FLAGS = "";
				SYMROOT = /Users/maciejoczko/PrivateRepositories/Spade;
				USE_HEADERMAP = NO;
				WARNING_CFLAGS = (
					"-Wmost",
					"-Wno-four-char-constants",
					"-Wno-unknown-pragmas",
				);
			};
			name = MinSizeRel;
		};
		7F14568F61C64C0EB58ECE71 /* Release */ = {
			isa = XCBuildConfiguration;
			buildSettings = {
				COMBINE_HIDPI_IMAGES = YES;
				GCC_GENERATE_DEBUGGING_SYMBOLS = NO;
				GCC_INLINES_ARE_PRIVATE_EXTERN = NO;
				GCC_OPTIMIZATION_LEVEL = 0;
				GCC_PREPROCESSOR_DEFINITIONS = "'CMAKE_INTDIR=\"$(CONFIGURATION)$(EFFECTIVE_PLATFORM_NAME)\"'";
				GCC_SYMBOLS_PRIVATE_EXTERN = NO;
				INSTALL_PATH = "";
				OTHER_CFLAGS = "  ";
				OTHER_LDFLAGS = " ";
				OTHER_REZFLAGS = "";
				PRODUCT_NAME = ZERO_CHECK;
				SECTORDER_FLAGS = "";
				SYMROOT = /Users/maciejoczko/PrivateRepositories/Spade;
				USE_HEADERMAP = NO;
				WARNING_CFLAGS = (
					"-Wmost",
					"-Wno-four-char-constants",
					"-Wno-unknown-pragmas",
				);
			};
			name = Release;
		};
		87377F141B434002B7EF24D9 /* RelWithDebInfo */ = {
			isa = XCBuildConfiguration;
			buildSettings = {
				CLANG_CXX_LANGUAGE_STANDARD = "c++0x";
				CLANG_CXX_LIBRARY = "libc++";
				ONLY_ACTIVE_ARCH = YES;
				SDKROOT = /Applications/Xcode.app/Contents/Developer/Platforms/MacOSX.platform/Developer/SDKs/MacOSX10.9.sdk;
				SYMROOT = "/Users/maciejoczko/PrivateRepositories/Spade-build";
			};
			name = RelWithDebInfo;
		};
		A1C69A3A8D4148AE83C7D2AF /* MinSizeRel */ = {
			isa = XCBuildConfiguration;
			buildSettings = {
				COMBINE_HIDPI_IMAGES = YES;
				GCC_GENERATE_DEBUGGING_SYMBOLS = NO;
				GCC_INLINES_ARE_PRIVATE_EXTERN = NO;
				GCC_OPTIMIZATION_LEVEL = 0;
				GCC_PREPROCESSOR_DEFINITIONS = "'CMAKE_INTDIR=\"$(CONFIGURATION)$(EFFECTIVE_PLATFORM_NAME)\"'";
				GCC_SYMBOLS_PRIVATE_EXTERN = NO;
				INSTALL_PATH = "";
				OTHER_CFLAGS = "  ";
				OTHER_LDFLAGS = " ";
				OTHER_REZFLAGS = "";
				PRODUCT_NAME = ALL_BUILD;
				SECTORDER_FLAGS = "";
				SYMROOT = "/Users/maciejoczko/PrivateRepositories/Spade-build";
				USE_HEADERMAP = NO;
				WARNING_CFLAGS = (
					"-Wmost",
					"-Wno-four-char-constants",
					"-Wno-unknown-pragmas",
				);
			};
			name = MinSizeRel;
		};
		AB46E4ADD87A44B8B7F31E06 /* RelWithDebInfo */ = {
			isa = XCBuildConfiguration;
			buildSettings = {
				CLANG_CXX_LANGUAGE_STANDARD = "c++0x";
				CLANG_CXX_LIBRARY = "libc++";
				COMBINE_HIDPI_IMAGES = YES;
				EXECUTABLE_PREFIX = "";
				EXECUTABLE_SUFFIX = "";
				GCC_GENERATE_DEBUGGING_SYMBOLS = YES;
				GCC_INLINES_ARE_PRIVATE_EXTERN = NO;
				GCC_OPTIMIZATION_LEVEL = 2;
				GCC_PREPROCESSOR_DEFINITIONS = "'CMAKE_INTDIR=\"$(CONFIGURATION)$(EFFECTIVE_PLATFORM_NAME)\"'";
				GCC_SYMBOLS_PRIVATE_EXTERN = NO;
				GCC_WARN_PEDANTIC = YES;
				INSTALL_PATH = "";
				LIBRARY_SEARCH_PATHS = "";
				OTHER_CFLAGS = "       -DNDEBUG  ";
				OTHER_CPLUSPLUSFLAGS = (
					"-std=c++11",
					"-DNDEBUG",
				);
				OTHER_LDFLAGS = (
					"-Wl,-search_paths_first",
					"-Wl,-headerpad_max_install_names",
				);
				OTHER_REZFLAGS = "";
				PRODUCT_NAME = Spade;
				SECTORDER_FLAGS = "";
				SYMROOT = "/Users/maciejoczko/PrivateRepositories/Spade-build";
				USE_HEADERMAP = NO;
				WARNING_CFLAGS = (
					"-Wmost",
					"-Wno-four-char-constants",
					"-Wno-unknown-pragmas",
				);
			};
			name = RelWithDebInfo;
		};
		AE6D9953657B4D4E93002D5E /* Debug */ = {
			isa = XCBuildConfiguration;
			buildSettings = {
				COMBINE_HIDPI_IMAGES = YES;
				GCC_GENERATE_DEBUGGING_SYMBOLS = NO;
				GCC_INLINES_ARE_PRIVATE_EXTERN = NO;
				GCC_OPTIMIZATION_LEVEL = 0;
				GCC_PREPROCESSOR_DEFINITIONS = "'CMAKE_INTDIR=\"$(CONFIGURATION)$(EFFECTIVE_PLATFORM_NAME)\"'";
				GCC_SYMBOLS_PRIVATE_EXTERN = NO;
				INSTALL_PATH = "";
				OTHER_CFLAGS = "  ";
				OTHER_LDFLAGS = " ";
				OTHER_REZFLAGS = "";
				PRODUCT_NAME = ZERO_CHECK;
				SECTORDER_FLAGS = "";
				SYMROOT = /Users/maciejoczko/PrivateRepositories/Spade;
				USE_HEADERMAP = NO;
				WARNING_CFLAGS = (
					"-Wmost",
					"-Wno-four-char-constants",
					"-Wno-unknown-pragmas",
				);
			};
			name = Debug;
		};
		AF85465D78414F15A34262A7 /* Release */ = {
			isa = XCBuildConfiguration;
			buildSettings = {
				CLANG_CXX_LANGUAGE_STANDARD = "c++0x";
				CLANG_CXX_LIBRARY = "libc++";
				ONLY_ACTIVE_ARCH = YES;
				SDKROOT = /Applications/Xcode.app/Contents/Developer/Platforms/MacOSX.platform/Developer/SDKs/MacOSX10.9.sdk;
				SYMROOT = "/Users/maciejoczko/PrivateRepositories/Spade-build";
			};
			name = Release;
		};
		DFC365A4ACF845019B1338B9 /* RelWithDebInfo */ = {
			isa = XCBuildConfiguration;
			buildSettings = {
				COMBINE_HIDPI_IMAGES = YES;
				GCC_GENERATE_DEBUGGING_SYMBOLS = NO;
				GCC_INLINES_ARE_PRIVATE_EXTERN = NO;
				GCC_OPTIMIZATION_LEVEL = 0;
				GCC_PREPROCESSOR_DEFINITIONS = "'CMAKE_INTDIR=\"$(CONFIGURATION)$(EFFECTIVE_PLATFORM_NAME)\"'";
				GCC_SYMBOLS_PRIVATE_EXTERN = NO;
				INSTALL_PATH = "";
				OTHER_CFLAGS = "  ";
				OTHER_LDFLAGS = " ";
				OTHER_REZFLAGS = "";
				PRODUCT_NAME = ALL_BUILD;
				SECTORDER_FLAGS = "";
				SYMROOT = "/Users/maciejoczko/PrivateRepositories/Spade-build";
				USE_HEADERMAP = NO;
				WARNING_CFLAGS = (
					"-Wmost",
					"-Wno-four-char-constants",
					"-Wno-unknown-pragmas",
				);
			};
			name = RelWithDebInfo;
		};
		E12DFB3B04074648A79EF736 /* Debug */ = {
			isa = XCBuildConfiguration;
			buildSettings = {
				CLANG_CXX_LANGUAGE_STANDARD = "c++0x";
				CLANG_CXX_LIBRARY = "libc++";
				ONLY_ACTIVE_ARCH = YES;
				SDKROOT = /Applications/Xcode.app/Contents/Developer/Platforms/MacOSX.platform/Developer/SDKs/MacOSX10.9.sdk;
				SYMROOT = "/Users/maciejoczko/PrivateRepositories/Spade-build";
			};
			name = Debug;
		};
/* End XCBuildConfiguration section */

/* Begin XCConfigurationList section */
		162BAD03B96447A8A274592F /* Build configuration list for PBXNativeTarget "Spade" */ = {
			isa = XCConfigurationList;
			buildConfigurations = (
				3A2BD85734244785A3C759A7 /* Debug */,
				59FA557840394C90B6950F90 /* Release */,
				021FA026A06D467FB8A1C0A8 /* MinSizeRel */,
				AB46E4ADD87A44B8B7F31E06 /* RelWithDebInfo */,
			);
			defaultConfigurationIsVisible = 0;
			defaultConfigurationName = Debug;
		};
		21955AC4EF08418B8FB914E4 /* Build configuration list for PBXAggregateTarget "ALL_BUILD" */ = {
			isa = XCConfigurationList;
			buildConfigurations = (
				471DC3AB43C54B90A1E10C12 /* Debug */,
				68043F9BFE284BD390690AAE /* Release */,
				A1C69A3A8D4148AE83C7D2AF /* MinSizeRel */,
				DFC365A4ACF845019B1338B9 /* RelWithDebInfo */,
			);
			defaultConfigurationIsVisible = 0;
			defaultConfigurationName = Debug;
		};
		33CEFF9D3BFB4140B403192E /* Build configuration list for PBXAggregateTarget "ZERO_CHECK" */ = {
			isa = XCConfigurationList;
			buildConfigurations = (
				AE6D9953657B4D4E93002D5E /* Debug */,
				7F14568F61C64C0EB58ECE71 /* Release */,
				768ED0B5DC0742F4821D1B16 /* MinSizeRel */,
				20ACF391CF9A45EFB34AAFD0 /* RelWithDebInfo */,
			);
			defaultConfigurationIsVisible = 0;
			defaultConfigurationName = Debug;
		};
		DBFB4CE01CE946FC8B0E9E99 /* Build configuration list for PBXProject "Spade" */ = {
			isa = XCConfigurationList;
			buildConfigurations = (
				E12DFB3B04074648A79EF736 /* Debug */,
				AF85465D78414F15A34262A7 /* Release */,
				264C15DF6B38453F880D1029 /* MinSizeRel */,
				87377F141B434002B7EF24D9 /* RelWithDebInfo */,
			);
			defaultConfigurationIsVisible = 0;
			defaultConfigurationName = Debug;
		};
/* End XCConfigurationList section */
	};
	rootObject = E88B4D29DF554B14A367957C /* Project object */;
}
